{
  "name": "zenn-contents",
  "version": "1.0.0",
  "lockfileVersion": 2,
  "requires": true,
  "packages": {
    "": {
      "name": "zenn-contents",
      "version": "1.0.0",
      "license": "ISC",
      "dependencies": {
        "zenn-cli": "^0.1.127"
      }
    },
    "node_modules/zenn-cli": {
      "version": "0.1.127",
      "resolved": "https://registry.npmjs.org/zenn-cli/-/zenn-cli-0.1.127.tgz",
      "integrity": "sha512-6xGvy6A+9Mai1OPYTTS3thDy6gMlRok20MIdILLvSx5ZCbU8sx6n/lwlYtD1hRmwrLmoZwFMMyNizRgdFtrJBA==",
      "bin": {
        "zenn": "dist/server/zenn.js"
      },
      "engines": {
        "node": ">=14.0.0"
      }
    }
  },
  "dependencies": {
    "zenn-cli": {
      "version": "0.1.127",
      "resolved": "https://registry.npmjs.org/zenn-cli/-/zenn-cli-0.1.127.tgz",
      "integrity": "sha512-6xGvy6A+9Mai1OPYTTS3thDy6gMlRok20MIdILLvSx5ZCbU8sx6n/lwlYtD1hRmwrLmoZwFMMyNizRgdFtrJBA=="
    }
  }
}
